
Microsoft Visual Studio Solution File, Format Version 12.00
# Visual Studio Version 17
VisualStudioVersion = 17.14.36518.9 d17.14
MinimumVisualStudioVersion = 10.0.40219.1
Project("{FAE04EC0-301F-11D3-BF4B-00C04F79EFBC}") = "ConsoleMatrix", "Matrix\ConsoleMatrix.csproj", "{67750E77-036D-46FF-A1AB-1B9B67FD68D7}"
EndProject
Global
	GlobalSection(SolutionConfigurationPlatforms) = preSolution
		Debug|Any CPU = Debug|Any CPU
		Release|Any CPU = Release|Any CPU
	EndGlobalSection
	GlobalSection(ProjectConfigurationPlatforms) = postSolution
		{67750E77-036D-46FF-A1AB-1B9B67FD68D7}.Debug|Any CPU.ActiveCfg = Debug|Any CPU
		{67750E77-036D-46FF-A1AB-1B9B67FD68D7}.Debug|Any CPU.Build.0 = Debug|Any CPU
		{67750E77-036D-46FF-A1AB-1B9B67FD68D7}.Release|Any CPU.ActiveCfg = Release|Any CPU
		{67750E77-036D-46FF-A1AB-1B9B67FD68D7}.Release|Any CPU.Build.0 = Release|Any CPU
	EndGlobalSection
	GlobalSection(SolutionProperties) = preSolution
		HideSolutionNode = FALSE
	EndGlobalSection
	GlobalSection(ExtensibilityGlobals) = postSolution
		SolutionGuid = {92C67D84-9C92-4A73-9707-A0BAA61CA93C}
	EndGlobalSection
EndGlobal
